<?xml version="1.0" encoding="utf-8"?>
<Project ToolsVersion="4.0" xmlns="http://schemas.microsoft.com/developer/msbuild/2003">
  <ItemGroup>
    <Filter Include="Source Files">
      <UniqueIdentifier>{4FC737F1-C7A5-4376-A066-2A32D752A2FF}</UniqueIdentifier>
      <Extensions>cpp;c;cc;cxx;c++;cppm;ixx;def;odl;idl;hpj;bat;asm;asmx</Extensions>
    </Filter>
    <Filter Include="Header Files">
      <UniqueIdentifier>{93995380-89BD-4b04-88EB-625FBE52EBFB}</UniqueIdentifier>
      <Extensions>h;hh;hpp;hxx;h++;hm;inl;inc;ipp;xsd</Extensions>
    </Filter>
    <Filter Include="Resource Files">
      <UniqueIdentifier>{67DA6AB6-F800-4c08-8B7A-83BB121AAD01}</UniqueIdentifier>
      <Extensions>rc;ico;cur;bmp;dlg;rc2;rct;bin;rgs;gif;jpg;jpeg;jpe;resx;tiff;tif;png;wav;mfcribbon-ms</Extensions>
    </Filter>
    <Filter Include="Source Files\server">
      <UniqueIdentifier>{3f071346-6361-4e04-9ece-84b49e981073}</UniqueIdentifier>
    </Filter>
    <Filter Include="Source Files\client">
      <UniqueIdentifier>{489e931b-9a0f-4b4d-8308-7ae05eba561a}</UniqueIdentifier>
    </Filter>
    <Filter Include="Header Files\client">
      <UniqueIdentifier>{1711fa5c-9dff-47b9-8279-21844002ed08}</UniqueIdentifier>
    </Filter>
    <Filter Include="Header Files\server">
      <UniqueIdentifier>{7f91f9c1-2a33-4cb4-ac5a-5ba255ec315c}</UniqueIdentifier>
    </Filter>
  </ItemGroup>
  <ItemGroup>
    <ClInclude Include="include\J2534_TCPIP.h">
      <Filter>Header Files</Filter>
    </ClInclude>
    <ClInclude Include="include\J2534_V0404.h">
      <Filter>Header Files</Filter>
    </ClInclude>
    <ClInclude Include="client\J2534_Client.h">
      <Filter>Header Files\client</Filter>
    </ClInclude>
    <ClInclude Include="client\stdafx.h">
      <Filter>Header Files\client</Filter>
    </ClInclude>
    <ClInclude Include="client\targetver.h">
      <Filter>Header Files\client</Filter>
    </ClInclude>
    <ClInclude Include="server\getopt-win.h">
      <Filter>Header Files\server</Filter>
    </ClInclude>
    <ClInclude Include="server\J2534.h">
      <Filter>Header Files\server</Filter>
    </ClInclude>
    <ClInclude Include="server\J2534_Server.h">
      <Filter>Header Files\server</Filter>
    </ClInclude>
    <ClInclude Include="client\ini.h">
      <Filter>Header Files\client</Filter>
    </ClInclude>
  </ItemGroup>
  <ItemGroup>
    <ClCompile Include="client\dllmain.cpp">
      <Filter>Source Files\client</Filter>
    </ClCompile>
    <ClCompile Include="client\J2534_Client.cpp">
      <Filter>Source Files\client</Filter>
    </ClCompile>
    <ClCompile Include="client\stdafx.cpp">
      <Filter>Source Files\client</Filter>
    </ClCompile>
    <ClCompile Include="server\J2534_TCPServer.cpp">
      <Filter>Source Files\server</Filter>
    </ClCompile>
    <ClCompile Include="server\getopt-win.cpp">
      <Filter>Source Files\server</Filter>
    </ClCompile>
    <ClCompile Include="server\J2534.cpp">
      <Filter>Source Files\server</Filter>
    </ClCompile>
    <ClCompile Include="server\J2534_Server.cpp">
      <Filter>Source Files\server</Filter>
    </ClCompile>
  </ItemGroup>
  <ItemGroup>
    <None Include="client\J2534_Client.def">
      <Filter>Source Files\client</Filter>
    </None>
  </ItemGroup>
</Project>